
Microsoft Visual Studio Solution File, Format Version 12.00
# Visual Studio Version 17
VisualStudioVersion = 17.7.34031.279
MinimumVisualStudioVersion = 10.0.40219.1
Project("{9A19103F-16F7-4668-BE54-9A1E7A4F7556}") = "DotNet_Lab1.Core", "DotNet_Lab1\DotNet_Lab1.Core.csproj", "{7BA4B06D-DC15-4DC2-8126-D37FA51DB427}"
EndProject
Project("{9A19103F-16F7-4668-BE54-9A1E7A4F7556}") = "DotNet_Lab1-App", "DotNet_Lab1-App\DotNet_Lab1-App.csproj", "{1033B76A-D338-4045-8543-35077A840D89}"
EndProject
Project("{FAE04EC0-301F-11D3-BF4B-00C04F79EFBC}") = "DotNet_Lab1.Core.Tests", "DotNet_Lab1.Core.Tests\DotNet_Lab1.Core.Tests.csproj", "{1471D51A-329E-4E39-9A2E-B3C28CA7EC91}"
EndProject
Global
	GlobalSection(SolutionConfigurationPlatforms) = preSolution
		Debug|Any CPU = Debug|Any CPU
		Release|Any CPU = Release|Any CPU
	EndGlobalSection
	GlobalSection(ProjectConfigurationPlatforms) = postSolution
		{7BA4B06D-DC15-4DC2-8126-D37FA51DB427}.Debug|Any CPU.ActiveCfg = Debug|Any CPU
		{7BA4B06D-DC15-4DC2-8126-D37FA51DB427}.Debug|Any CPU.Build.0 = Debug|Any CPU
		{7BA4B06D-DC15-4DC2-8126-D37FA51DB427}.Release|Any CPU.ActiveCfg = Release|Any CPU
		{7BA4B06D-DC15-4DC2-8126-D37FA51DB427}.Release|Any CPU.Build.0 = Release|Any CPU
		{1033B76A-D338-4045-8543-35077A840D89}.Debug|Any CPU.ActiveCfg = Debug|Any CPU
		{1033B76A-D338-4045-8543-35077A840D89}.Debug|Any CPU.Build.0 = Debug|Any CPU
		{1033B76A-D338-4045-8543-35077A840D89}.Release|Any CPU.ActiveCfg = Release|Any CPU
		{1033B76A-D338-4045-8543-35077A840D89}.Release|Any CPU.Build.0 = Release|Any CPU
		{1471D51A-329E-4E39-9A2E-B3C28CA7EC91}.Debug|Any CPU.ActiveCfg = Debug|Any CPU
		{1471D51A-329E-4E39-9A2E-B3C28CA7EC91}.Debug|Any CPU.Build.0 = Debug|Any CPU
		{1471D51A-329E-4E39-9A2E-B3C28CA7EC91}.Release|Any CPU.ActiveCfg = Release|Any CPU
		{1471D51A-329E-4E39-9A2E-B3C28CA7EC91}.Release|Any CPU.Build.0 = Release|Any CPU
	EndGlobalSection
	GlobalSection(SolutionProperties) = preSolution
		HideSolutionNode = FALSE
	EndGlobalSection
	GlobalSection(ExtensibilityGlobals) = postSolution
		SolutionGuid = {D9D2C367-9D92-4060-B0C1-A28D63922950}
	EndGlobalSection
EndGlobal
